// !$*UTF8*$!
{
	archiveVersion = 1;
	classes = {
	};
	objectVersion = 46;
	objects = {

/* Begin PBXBuildFile section */
		330F6F61B80C6CFF90592745 /* Pods_MyYelp.framework in Frameworks */ = {isa = PBXBuildFile; fileRef = 0141D5688C535CE593E8021A /* Pods_MyYelp.framework */; };
		6B05CA371D390EB2009716AE /* FiltersViewController.swift in Sources */ = {isa = PBXBuildFile; fileRef = 6B05CA361D390EB2009716AE /* FiltersViewController.swift */; };
		6B05CA3A1D3A39DE009716AE /* FiltersSwitchTableViewCell.swift in Sources */ = {isa = PBXBuildFile; fileRef = 6B05CA391D3A39DE009716AE /* FiltersSwitchTableViewCell.swift */; };
		6B05CA3C1D3A3A01009716AE /* FiltersDropdownTableViewCell.swift in Sources */ = {isa = PBXBuildFile; fileRef = 6B05CA3B1D3A3A01009716AE /* FiltersDropdownTableViewCell.swift */; };
		6B05CA401D3A45C6009716AE /* Filters.swift in Sources */ = {isa = PBXBuildFile; fileRef = 6B05CA3F1D3A45C6009716AE /* Filters.swift */; };
		6B16FEBD1D38B60600A10970 /* AppDelegate.swift in Sources */ = {isa = PBXBuildFile; fileRef = 6B16FEBC1D38B60600A10970 /* AppDelegate.swift */; };
		6B16FEC21D38B60600A10970 /* Main.storyboard in Resources */ = {isa = PBXBuildFile; fileRef = 6B16FEC01D38B60600A10970 /* Main.storyboard */; };
		6B16FEC41D38B60600A10970 /* Assets.xcassets in Resources */ = {isa = PBXBuildFile; fileRef = 6B16FEC31D38B60600A10970 /* Assets.xcassets */; };
		6B16FEC71D38B60600A10970 /* LaunchScreen.storyboard in Resources */ = {isa = PBXBuildFile; fileRef = 6B16FEC51D38B60600A10970 /* LaunchScreen.storyboard */; };
		6B16FECF1D38B66000A10970 /* BusinessesViewController.swift in Sources */ = {isa = PBXBuildFile; fileRef = 6B16FECE1D38B66000A10970 /* BusinessesViewController.swift */; };
		6B16FED31D38BAC200A10970 /* BusinessesTableViewCell.swift in Sources */ = {isa = PBXBuildFile; fileRef = 6B16FED21D38BAC200A10970 /* BusinessesTableViewCell.swift */; };
		6B16FED51D38BC6D00A10970 /* Business.swift in Sources */ = {isa = PBXBuildFile; fileRef = 6B16FED41D38BC6D00A10970 /* Business.swift */; };
		6B16FED81D38BCD100A10970 /* YelpClient.swift in Sources */ = {isa = PBXBuildFile; fileRef = 6B16FED71D38BCD100A10970 /* YelpClient.swift */; };
		6B846F2B1D3BD6BE0087E5EB /* FiltersSeeAllTableViewCell.swift in Sources */ = {isa = PBXBuildFile; fileRef = 6B846F2A1D3BD6BE0087E5EB /* FiltersSeeAllTableViewCell.swift */; };
		6B846F2D1D3CB4530087E5EB /* UISwitch+MyYelp.swift in Sources */ = {isa = PBXBuildFile; fileRef = 6B846F2C1D3CB4530087E5EB /* UISwitch+MyYelp.swift */; };
/* End PBXBuildFile section */

/* Begin PBXFileReference section */
		0141D5688C535CE593E8021A /* Pods_MyYelp.framework */ = {isa = PBXFileReference; explicitFileType = wrapper.framework; includeInIndex = 0; path = Pods_MyYelp.framework; sourceTree = BUILT_PRODUCTS_DIR; };
		0CFB13A7EBF8481E89D5D070 /* Pods-MyYelp.debug.xcconfig */ = {isa = PBXFileReference; includeInIndex = 1; lastKnownFileType = text.xcconfig; name = "Pods-MyYelp.debug.xcconfig"; path = "Pods/Target Support Files/Pods-MyYelp/Pods-MyYelp.debug.xcconfig"; sourceTree = "<group>"; };
		0FC970E7E4CE75F23D08DE57 /* Pods-MyYelp.release.xcconfig */ = {isa = PBXFileReference; includeInIndex = 1; lastKnownFileType = text.xcconfig; name = "Pods-MyYelp.release.xcconfig"; path = "Pods/Target Support Files/Pods-MyYelp/Pods-MyYelp.release.xcconfig"; sourceTree = "<group>"; };
		6B05CA361D390EB2009716AE /* FiltersViewController.swift */ = {isa = PBXFileReference; fileEncoding = 4; lastKnownFileType = sourcecode.swift; path = FiltersViewController.swift; sourceTree = "<group>"; };
		6B05CA391D3A39DE009716AE /* FiltersSwitchTableViewCell.swift */ = {isa = PBXFileReference; fileEncoding = 4; lastKnownFileType = sourcecode.swift; path = FiltersSwitchTableViewCell.swift; sourceTree = "<group>"; };
		6B05CA3B1D3A3A01009716AE /* FiltersDropdownTableViewCell.swift */ = {isa = PBXFileReference; fileEncoding = 4; lastKnownFileType = sourcecode.swift; path = FiltersDropdownTableViewCell.swift; sourceTree = "<group>"; };
		6B05CA3F1D3A45C6009716AE /* Filters.swift */ = {isa = PBXFileReference; fileEncoding = 4; lastKnownFileType = sourcecode.swift; path = Filters.swift; sourceTree = "<group>"; };
		6B16FEB91D38B60600A10970 /* MyYelp.app */ = {isa = PBXFileReference; explicitFileType = wrapper.application; includeInIndex = 0; path = MyYelp.app; sourceTree = BUILT_PRODUCTS_DIR; };
		6B16FEBC1D38B60600A10970 /* AppDelegate.swift */ = {isa = PBXFileReference; lastKnownFileType = sourcecode.swift; path = AppDelegate.swift; sourceTree = "<group>"; };
		6B16FEC11D38B60600A10970 /* Base */ = {isa = PBXFileReference; lastKnownFileType = file.storyboard; name = Base; path = Base.lproj/Main.storyboard; sourceTree = "<group>"; };
		6B16FEC31D38B60600A10970 /* Assets.xcassets */ = {isa = PBXFileReference; lastKnownFileType = folder.assetcatalog; path = Assets.xcassets; sourceTree = "<group>"; };
		6B16FEC61D38B60600A10970 /* Base */ = {isa = PBXFileReference; lastKnownFileType = file.storyboard; name = Base; path = Base.lproj/LaunchScreen.storyboard; sourceTree = "<group>"; };
		6B16FEC81D38B60600A10970 /* Info.plist */ = {isa = PBXFileReference; lastKnownFileType = text.plist.xml; path = Info.plist; sourceTree = "<group>"; };
		6B16FECE1D38B66000A10970 /* BusinessesViewController.swift */ = {isa = PBXFileReference; fileEncoding = 4; lastKnownFileType = sourcecode.swift; path = BusinessesViewController.swift; sourceTree = "<group>"; };
		6B16FED21D38BAC200A10970 /* BusinessesTableViewCell.swift */ = {isa = PBXFileReference; fileEncoding = 4; lastKnownFileType = sourcecode.swift; path = BusinessesTableViewCell.swift; sourceTree = "<group>"; };
		6B16FED41D38BC6D00A10970 /* Business.swift */ = {isa = PBXFileReference; fileEncoding = 4; lastKnownFileType = sourcecode.swift; path = Business.swift; sourceTree = "<group>"; };
		6B16FED71D38BCD100A10970 /* YelpClient.swift */ = {isa = PBXFileReference; fileEncoding = 4; lastKnownFileType = sourcecode.swift; name = YelpClient.swift; path = MyYelp/YelpClient.swift; sourceTree = "<group>"; };
		6B846F2A1D3BD6BE0087E5EB /* FiltersSeeAllTableViewCell.swift */ = {isa = PBXFileReference; fileEncoding = 4; lastKnownFileType = sourcecode.swift; path = FiltersSeeAllTableViewCell.swift; sourceTree = "<group>"; };
		6B846F2C1D3CB4530087E5EB /* UISwitch+MyYelp.swift */ = {isa = PBXFileReference; fileEncoding = 4; lastKnownFileType = sourcecode.swift; path = "UISwitch+MyYelp.swift"; sourceTree = "<group>"; };
/* End PBXFileReference section */

/* Begin PBXFrameworksBuildPhase section */
		6B16FEB61D38B60500A10970 /* Frameworks */ = {
			isa = PBXFrameworksBuildPhase;
			buildActionMask = 2147483647;
			files = (
				330F6F61B80C6CFF90592745 /* Pods_MyYelp.framework in Frameworks */,
			);
			runOnlyForDeploymentPostprocessing = 0;
		};
/* End PBXFrameworksBuildPhase section */

/* Begin PBXGroup section */
		6B16FEB01D38B60500A10970 = {
			isa = PBXGroup;
			children = (
				6B16FEBB1D38B60600A10970 /* MyYelp */,
				6B16FEBA1D38B60600A10970 /* Products */,
				8B213D4B4A39CB2E8505DFCA /* Pods */,
				A22E6F65BFD13F0C95C868A2 /* Frameworks */,
			);
			sourceTree = "<group>";
		};
		6B16FEBA1D38B60600A10970 /* Products */ = {
			isa = PBXGroup;
			children = (
				6B16FEB91D38B60600A10970 /* MyYelp.app */,
			);
			name = Products;
			sourceTree = "<group>";
		};
		6B16FEBB1D38B60600A10970 /* MyYelp */ = {
			isa = PBXGroup;
			children = (
				6B16FED61D38BC8000A10970 /* Models */,
				6B16FED11D38BA8900A10970 /* CustomViews */,
				6B16FED01D38B66500A10970 /* ViewControllers */,
				6B16FED91D38BCD600A10970 /* API */,
				6B16FEC01D38B60600A10970 /* Main.storyboard */,
				6B16FEC31D38B60600A10970 /* Assets.xcassets */,
				6B16FEC51D38B60600A10970 /* LaunchScreen.storyboard */,
				6B16FEBC1D38B60600A10970 /* AppDelegate.swift */,
				6B16FEC81D38B60600A10970 /* Info.plist */,
			);
			path = MyYelp;
			sourceTree = "<group>";
		};
		6B16FED01D38B66500A10970 /* ViewControllers */ = {
			isa = PBXGroup;
			children = (
				6B16FECE1D38B66000A10970 /* BusinessesViewController.swift */,
				6B05CA361D390EB2009716AE /* FiltersViewController.swift */,
			);
			name = ViewControllers;
			sourceTree = "<group>";
		};
		6B16FED11D38BA8900A10970 /* CustomViews */ = {
			isa = PBXGroup;
			children = (
				6B16FED21D38BAC200A10970 /* BusinessesTableViewCell.swift */,
				6B05CA391D3A39DE009716AE /* FiltersSwitchTableViewCell.swift */,
				6B05CA3B1D3A3A01009716AE /* FiltersDropdownTableViewCell.swift */,
				6B846F2A1D3BD6BE0087E5EB /* FiltersSeeAllTableViewCell.swift */,
				6B846F2C1D3CB4530087E5EB /* UISwitch+MyYelp.swift */,
			);
			name = CustomViews;
			path = ..;
			sourceTree = "<group>";
		};
		6B16FED61D38BC8000A10970 /* Models */ = {
			isa = PBXGroup;
			children = (
				6B16FED41D38BC6D00A10970 /* Business.swift */,
				6B05CA3F1D3A45C6009716AE /* Filters.swift */,
			);
			name = Models;
			sourceTree = "<group>";
		};
		6B16FED91D38BCD600A10970 /* API */ = {
			isa = PBXGroup;
			children = (
				6B16FED71D38BCD100A10970 /* YelpClient.swift */,
			);
			name = API;
			path = ..;
			sourceTree = "<group>";
		};
		8B213D4B4A39CB2E8505DFCA /* Pods */ = {
			isa = PBXGroup;
			children = (
				0CFB13A7EBF8481E89D5D070 /* Pods-MyYelp.debug.xcconfig */,
				0FC970E7E4CE75F23D08DE57 /* Pods-MyYelp.release.xcconfig */,
			);
			name = Pods;
			sourceTree = "<group>";
		};
		A22E6F65BFD13F0C95C868A2 /* Frameworks */ = {
			isa = PBXGroup;
			children = (
				0141D5688C535CE593E8021A /* Pods_MyYelp.framework */,
			);
			name = Frameworks;
			sourceTree = "<group>";
		};
/* End PBXGroup section */

/* Begin PBXNativeTarget section */
		6B16FEB81D38B60500A10970 /* MyYelp */ = {
			isa = PBXNativeTarget;
			buildConfigurationList = 6B16FECB1D38B60600A10970 /* Build configuration list for PBXNativeTarget "MyYelp" */;
			buildPhases = (
				F1CBE2E2F4806D28B1C56689 /* 📦 Check Pods Manifest.lock */,
				6B16FEB51D38B60500A10970 /* Sources */,
				6B16FEB61D38B60500A10970 /* Frameworks */,
				6B16FEB71D38B60500A10970 /* Resources */,
				B9E9562562A6EAA1EFACFFB6 /* 📦 Embed Pods Frameworks */,
				97C9C773729BABF16C658507 /* 📦 Copy Pods Resources */,
			);
			buildRules = (
			);
			dependencies = (
			);
			name = MyYelp;
			productName = MyYelp;
			productReference = 6B16FEB91D38B60600A10970 /* MyYelp.app */;
			productType = "com.apple.product-type.application";
		};
/* End PBXNativeTarget section */

/* Begin PBXProject section */
		6B16FEB11D38B60500A10970 /* Project object */ = {
			isa = PBXProject;
			attributes = {
				LastSwiftUpdateCheck = 0730;
				LastUpgradeCheck = 0730;
				ORGANIZATIONNAME = "Nhung Huynh";
				TargetAttributes = {
					6B16FEB81D38B60500A10970 = {
						CreatedOnToolsVersion = 7.3.1;
					};
				};
			};
			buildConfigurationList = 6B16FEB41D38B60500A10970 /* Build configuration list for PBXProject "MyYelp" */;
			compatibilityVersion = "Xcode 3.2";
			developmentRegion = English;
			hasScannedForEncodings = 0;
			knownRegions = (
				en,
				Base,
			);
			mainGroup = 6B16FEB01D38B60500A10970;
			productRefGroup = 6B16FEBA1D38B60600A10970 /* Products */;
			projectDirPath = "";
			projectRoot = "";
			targets = (
				6B16FEB81D38B60500A10970 /* MyYelp */,
			);
		};
/* End PBXProject section */

/* Begin PBXResourcesBuildPhase section */
		6B16FEB71D38B60500A10970 /* Resources */ = {
			isa = PBXResourcesBuildPhase;
			buildActionMask = 2147483647;
			files = (
				6B16FEC71D38B60600A10970 /* LaunchScreen.storyboard in Resources */,
				6B16FEC41D38B60600A10970 /* Assets.xcassets in Resources */,
				6B16FEC21D38B60600A10970 /* Main.storyboard in Resources */,
			);
			runOnlyForDeploymentPostprocessing = 0;
		};
/* End PBXResourcesBuildPhase section */

/* Begin PBXShellScriptBuildPhase section */
		97C9C773729BABF16C658507 /* 📦 Copy Pods Resources */ = {
			isa = PBXShellScriptBuildPhase;
			buildActionMask = 2147483647;
			files = (
			);
			inputPaths = (
			);
			name = "📦 Copy Pods Resources";
			outputPaths = (
			);
			runOnlyForDeploymentPostprocessing = 0;
			shellPath = /bin/sh;
			shellScript = "\"${SRCROOT}/Pods/Target Support Files/Pods-MyYelp/Pods-MyYelp-resources.sh\"\n";
			showEnvVarsInLog = 0;
		};
		B9E9562562A6EAA1EFACFFB6 /* 📦 Embed Pods Frameworks */ = {
			isa = PBXShellScriptBuildPhase;
			buildActionMask = 2147483647;
			files = (
			);
			inputPaths = (
			);
			name = "📦 Embed Pods Frameworks";
			outputPaths = (
			);
			runOnlyForDeploymentPostprocessing = 0;
			shellPath = /bin/sh;
			shellScript = "\"${SRCROOT}/Pods/Target Support Files/Pods-MyYelp/Pods-MyYelp-frameworks.sh\"\n";
			showEnvVarsInLog = 0;
		};
		F1CBE2E2F4806D28B1C56689 /* 📦 Check Pods Manifest.lock */ = {
			isa = PBXShellScriptBuildPhase;
			buildActionMask = 2147483647;
			files = (
			);
			inputPaths = (
			);
			name = "📦 Check Pods Manifest.lock";
			outputPaths = (
			);
			runOnlyForDeploymentPostprocessing = 0;
			shellPath = /bin/sh;
			shellScript = "diff \"${PODS_ROOT}/../Podfile.lock\" \"${PODS_ROOT}/Manifest.lock\" > /dev/null\nif [[ $? != 0 ]] ; then\n    cat << EOM\nerror: The sandbox is not in sync with the Podfile.lock. Run 'pod install' or update your CocoaPods installation.\nEOM\n    exit 1\nfi\n";
			showEnvVarsInLog = 0;
		};
/* End PBXShellScriptBuildPhase section */

/* Begin PBXSourcesBuildPhase section */
		6B16FEB51D38B60500A10970 /* Sources */ = {
			isa = PBXSourcesBuildPhase;
			buildActionMask = 2147483647;
			files = (
				6B16FED81D38BCD100A10970 /* YelpClient.swift in Sources */,
				6B16FEBD1D38B60600A10970 /* AppDelegate.swift in Sources */,
				6B846F2D1D3CB4530087E5EB /* UISwitch+MyYelp.swift in Sources */,
				6B16FED51D38BC6D00A10970 /* Business.swift in Sources */,
				6B16FECF1D38B66000A10970 /* BusinessesViewController.swift in Sources */,
				6B05CA3A1D3A39DE009716AE /* FiltersSwitchTableViewCell.swift in Sources */,
				6B05CA371D390EB2009716AE /* FiltersViewController.swift in Sources */,
				6B846F2B1D3BD6BE0087E5EB /* FiltersSeeAllTableViewCell.swift in Sources */,
				6B05CA401D3A45C6009716AE /* Filters.swift in Sources */,
				6B05CA3C1D3A3A01009716AE /* FiltersDropdownTableViewCell.swift in Sources */,
				6B16FED31D38BAC200A10970 /* BusinessesTableViewCell.swift in Sources */,
			);
			runOnlyForDeploymentPostprocessing = 0;
		};
/* End PBXSourcesBuildPhase section */

/* Begin PBXVariantGroup section */
		6B16FEC01D38B60600A10970 /* Main.storyboard */ = {
			isa = PBXVariantGroup;
			children = (
				6B16FEC11D38B60600A10970 /* Base */,
			);
			name = Main.storyboard;
			sourceTree = "<group>";
		};
		6B16FEC51D38B60600A10970 /* LaunchScreen.storyboard */ = {
			isa = PBXVariantGroup;
			children = (
				6B16FEC61D38B60600A10970 /* Base */,
			);
			name = LaunchScreen.storyboard;
			sourceTree = "<group>";
		};
/* End PBXVariantGroup section */

/* Begin XCBuildConfiguration section */
		6B16FEC91D38B60600A10970 /* Debug */ = {
			isa = XCBuildConfiguration;
			buildSettings = {
				ALWAYS_SEARCH_USER_PATHS = NO;
				CLANG_ANALYZER_NONNULL = YES;
				CLANG_CXX_LANGUAGE_STANDARD = "gnu++0x";
				CLANG_CXX_LIBRARY = "libc++";
				CLANG_ENABLE_MODULES = YES;
				CLANG_ENABLE_OBJC_ARC = YES;
				CLANG_WARN_BOOL_CONVERSION = YES;
				CLANG_WARN_CONSTANT_CONVERSION = YES;
				CLANG_WARN_DIRECT_OBJC_ISA_USAGE = YES_ERROR;
				CLANG_WARN_EMPTY_BODY = YES;
				CLANG_WARN_ENUM_CONVERSION = YES;
				CLANG_WARN_INT_CONVERSION = YES;
				CLANG_WARN_OBJC_ROOT_CLASS = YES_ERROR;
				CLANG_WARN_UNREACHABLE_CODE = YES;
				CLANG_WARN__DUPLICATE_METHOD_MATCH = YES;
				"CODE_SIGN_IDENTITY[sdk=iphoneos*]" = "iPhone Developer";
				COPY_PHASE_STRIP = NO;
				DEBUG_INFORMATION_FORMAT = dwarf;
				ENABLE_STRICT_OBJC_MSGSEND = YES;
				ENABLE_TESTABILITY = YES;
				GCC_C_LANGUAGE_STANDARD = gnu99;
				GCC_DYNAMIC_NO_PIC = NO;
				GCC_NO_COMMON_BLOCKS = YES;
				GCC_OPTIMIZATION_LEVEL = 0;
				GCC_PREPROCESSOR_DEFINITIONS = (
					"DEBUG=1",
					"$(inherited)",
				);
				GCC_WARN_64_TO_32_BIT_CONVERSION = YES;
				GCC_WARN_ABOUT_RETURN_TYPE = YES_ERROR;
				GCC_WARN_UNDECLARED_SELECTOR = YES;
				GCC_WARN_UNINITIALIZED_AUTOS = YES_AGGRESSIVE;
				GCC_WARN_UNUSED_FUNCTION = YES;
				GCC_WARN_UNUSED_VARIABLE = YES;
				IPHONEOS_DEPLOYMENT_TARGET = 9.3;
				MTL_ENABLE_DEBUG_INFO = YES;
				ONLY_ACTIVE_ARCH = YES;
				SDKROOT = iphoneos;
				SWIFT_OPTIMIZATION_LEVEL = "-Onone";
			};
			name = Debug;
		};
		6B16FECA1D38B60600A10970 /* Release */ = {
			isa = XCBuildConfiguration;
			buildSettings = {
				ALWAYS_SEARCH_USER_PATHS = NO;
				CLANG_ANALYZER_NONNULL = YES;
				CLANG_CXX_LANGUAGE_STANDARD = "gnu++0x";
				CLANG_CXX_LIBRARY = "libc++";
				CLANG_ENABLE_MODULES = YES;
				CLANG_ENABLE_OBJC_ARC = YES;
				CLANG_WARN_BOOL_CONVERSION = YES;
				CLANG_WARN_CONSTANT_CONVERSION = YES;
				CLANG_WARN_DIRECT_OBJC_ISA_USAGE = YES_ERROR;
				CLANG_WARN_EMPTY_BODY = YES;
				CLANG_WARN_ENUM_CONVERSION = YES;
				CLANG_WARN_INT_CONVERSION = YES;
				CLANG_WARN_OBJC_ROOT_CLASS = YES_ERROR;
				CLANG_WARN_UNREACHABLE_CODE = YES;
				CLANG_WARN__DUPLICATE_METHOD_MATCH = YES;
				"CODE_SIGN_IDENTITY[sdk=iphoneos*]" = "iPhone Developer";
				COPY_PHASE_STRIP = NO;
				DEBUG_INFORMATION_FORMAT = "dwarf-with-dsym";
				ENABLE_NS_ASSERTIONS = NO;
				ENABLE_STRICT_OBJC_MSGSEND = YES;
				GCC_C_LANGUAGE_STANDARD = gnu99;
				GCC_NO_COMMON_BLOCKS = YES;
				GCC_WARN_64_TO_32_BIT_CONVERSION = YES;
				GCC_WARN_ABOUT_RETURN_TYPE = YES_ERROR;
				GCC_WARN_UNDECLARED_SELECTOR = YES;
				GCC_WARN_UNINITIALIZED_AUTOS = YES_AGGRESSIVE;
				GCC_WARN_UNUSED_FUNCTION = YES;
				GCC_WARN_UNUSED_VARIABLE = YES;
				IPHONEOS_DEPLOYMENT_TARGET = 9.3;
				MTL_ENABLE_DEBUG_INFO = NO;
				SDKROOT = iphoneos;
				VALIDATE_PRODUCT = YES;
			};
			name = Release;
		};
		6B16FECC1D38B60600A10970 /* Debug */ = {
			isa = XCBuildConfiguration;
			baseConfigurationReference = 0CFB13A7EBF8481E89D5D070 /* Pods-MyYelp.debug.xcconfig */;
			buildSettings = {
				ASSETCATALOG_COMPILER_APPICON_NAME = AppIcon;
				INFOPLIST_FILE = MyYelp/Info.plist;
				LD_RUNPATH_SEARCH_PATHS = "$(inherited) @executable_path/Frameworks";
				PRODUCT_BUNDLE_IDENTIFIER = nhung.huynh.MyYelp;
				PRODUCT_NAME = "$(TARGET_NAME)";
			};
			name = Debug;
		};
		6B16FECD1D38B60600A10970 /* Release */ = {
			isa = XCBuildConfiguration;
			baseConfigurationReference = 0FC970E7E4CE75F23D08DE57 /* Pods-MyYelp.release.xcconfig */;
			buildSettings = {
				ASSETCATALOG_COMPILER_APPICON_NAME = AppIcon;
				INFOPLIST_FILE = MyYelp/Info.plist;
				LD_RUNPATH_SEARCH_PATHS = "$(inherited) @executable_path/Frameworks";
				PRODUCT_BUNDLE_IDENTIFIER = nhung.huynh.MyYelp;
				PRODUCT_NAME = "$(TARGET_NAME)";
			};
			name = Release;
		};
/* End XCBuildConfiguration section */

/* Begin XCConfigurationList section */
		6B16FEB41D38B60500A10970 /* Build configuration list for PBXProject "MyYelp" */ = {
			isa = XCConfigurationList;
			buildConfigurations = (
				6B16FEC91D38B60600A10970 /* Debug */,
				6B16FECA1D38B60600A10970 /* Release */,
			);
			defaultConfigurationIsVisible = 0;
			defaultConfigurationName = Release;
		};
		6B16FECB1D38B60600A10970 /* Build configuration list for PBXNativeTarget "MyYelp" */ = {
			isa = XCConfigurationList;
			buildConfigurations = (
				6B16FECC1D38B60600A10970 /* Debug */,
				6B16FECD1D38B60600A10970 /* Release */,
			);
			defaultConfigurationIsVisible = 0;
			defaultConfigurationName = Release;
		};
/* End XCConfigurationList section */
	};
	rootObject = 6B16FEB11D38B60500A10970 /* Project object */;
}
